
Microsoft Visual Studio Solution File, Format Version 12.00
# Visual Studio Version 17
VisualStudioVersion = 17.8.34330.188
MinimumVisualStudioVersion = 10.0.40219.1
Project("{FAE04EC0-301F-11D3-BF4B-00C04F79EFBC}") = "BankAppWithAPI", "BankAppWithAPI\BankAppWithAPI.csproj", "{829A4233-0453-4A19-9251-4FC2A85A66DE}"
EndProject
Global
	GlobalSection(SolutionConfigurationPlatforms) = preSolution
		Debug|Any CPU = Debug|Any CPU
		Release|Any CPU = Release|Any CPU
	EndGlobalSection
	GlobalSection(ProjectConfigurationPlatforms) = postSolution
		{829A4233-0453-4A19-9251-4FC2A85A66DE}.Debug|Any CPU.ActiveCfg = Debug|Any CPU
		{829A4233-0453-4A19-9251-4FC2A85A66DE}.Debug|Any CPU.Build.0 = Debug|Any CPU
		{829A4233-0453-4A19-9251-4FC2A85A66DE}.Release|Any CPU.ActiveCfg = Release|Any CPU
		{829A4233-0453-4A19-9251-4FC2A85A66DE}.Release|Any CPU.Build.0 = Release|Any CPU
	EndGlobalSection
	GlobalSection(SolutionProperties) = preSolution
		HideSolutionNode = FALSE
	EndGlobalSection
	GlobalSection(ExtensibilityGlobals) = postSolution
		SolutionGuid = {FEA781CA-28FD-44C5-805E-EE58F95180DB}
	EndGlobalSection
EndGlobal
